
Microsoft Visual Studio Solution File, Format Version 12.00
# Visual Studio Version 17
VisualStudioVersion = 17.4.33103.184
MinimumVisualStudioVersion = 10.0.40219.1
Project("{FAE04EC0-301F-11D3-BF4B-00C04F79EFBC}") = "sabatex.RadzenBlazor.UIExt", "sabatex.RadzenBlazor.UIExt\sabatex.RadzenBlazor.UIExt.csproj", "{F4BE5BC1-71E4-4ED2-A66B-8D158D63E17C}"
EndProject
Global
	GlobalSection(SolutionConfigurationPlatforms) = preSolution
		Debug|Any CPU = Debug|Any CPU
		Release|Any CPU = Release|Any CPU
	EndGlobalSection
	GlobalSection(ProjectConfigurationPlatforms) = postSolution
		{F4BE5BC1-71E4-4ED2-A66B-8D158D63E17C}.Debug|Any CPU.ActiveCfg = Debug|Any CPU
		{F4BE5BC1-71E4-4ED2-A66B-8D158D63E17C}.Debug|Any CPU.Build.0 = Debug|Any CPU
		{F4BE5BC1-71E4-4ED2-A66B-8D158D63E17C}.Release|Any CPU.ActiveCfg = Release|Any CPU
		{F4BE5BC1-71E4-4ED2-A66B-8D158D63E17C}.Release|Any CPU.Build.0 = Release|Any CPU
	EndGlobalSection
	GlobalSection(SolutionProperties) = preSolution
		HideSolutionNode = FALSE
	EndGlobalSection
	GlobalSection(ExtensibilityGlobals) = postSolution
		SolutionGuid = {143077D5-BB6F-4EAE-AB07-B4C229D39AD7}
	EndGlobalSection
EndGlobal
